
Microsoft Visual Studio Solution File, Format Version 12.00
# Visual Studio Version 16
VisualStudioVersion = 16.0.30128.74
MinimumVisualStudioVersion = 10.0.40219.1
Project("{FAE04EC0-301F-11D3-BF4B-00C04F79EFBC}") = "TicTacToe.Business", "TicTacToe.Business\TicTacToe.Business.csproj", "{0C9AFB69-AF86-4D4D-8D4C-307D71FDDC78}"
EndProject
Project("{FAE04EC0-301F-11D3-BF4B-00C04F79EFBC}") = "TicTacToe.Test", "TicTacToe.Test\TicTacToe.Test.csproj", "{500EBDB9-640E-4CB7-88EF-37FD54446AD7}"
EndProject
Project("{FAE04EC0-301F-11D3-BF4B-00C04F79EFBC}") = "TicTacToe.API", "TicTacToe.API\TicTacToe.API.csproj", "{667ABFFA-4C34-42F5-BF5C-367320863D21}"
EndProject
Global
	GlobalSection(SolutionConfigurationPlatforms) = preSolution
		Debug|Any CPU = Debug|Any CPU
		Release|Any CPU = Release|Any CPU
	EndGlobalSection
	GlobalSection(ProjectConfigurationPlatforms) = postSolution
		{0C9AFB69-AF86-4D4D-8D4C-307D71FDDC78}.Debug|Any CPU.ActiveCfg = Debug|Any CPU
		{0C9AFB69-AF86-4D4D-8D4C-307D71FDDC78}.Debug|Any CPU.Build.0 = Debug|Any CPU
		{0C9AFB69-AF86-4D4D-8D4C-307D71FDDC78}.Release|Any CPU.ActiveCfg = Release|Any CPU
		{0C9AFB69-AF86-4D4D-8D4C-307D71FDDC78}.Release|Any CPU.Build.0 = Release|Any CPU
		{500EBDB9-640E-4CB7-88EF-37FD54446AD7}.Debug|Any CPU.ActiveCfg = Debug|Any CPU
		{500EBDB9-640E-4CB7-88EF-37FD54446AD7}.Debug|Any CPU.Build.0 = Debug|Any CPU
		{500EBDB9-640E-4CB7-88EF-37FD54446AD7}.Release|Any CPU.ActiveCfg = Release|Any CPU
		{500EBDB9-640E-4CB7-88EF-37FD54446AD7}.Release|Any CPU.Build.0 = Release|Any CPU
		{667ABFFA-4C34-42F5-BF5C-367320863D21}.Debug|Any CPU.ActiveCfg = Debug|Any CPU
		{667ABFFA-4C34-42F5-BF5C-367320863D21}.Debug|Any CPU.Build.0 = Debug|Any CPU
		{667ABFFA-4C34-42F5-BF5C-367320863D21}.Release|Any CPU.ActiveCfg = Release|Any CPU
		{667ABFFA-4C34-42F5-BF5C-367320863D21}.Release|Any CPU.Build.0 = Release|Any CPU
	EndGlobalSection
	GlobalSection(SolutionProperties) = preSolution
		HideSolutionNode = FALSE
	EndGlobalSection
	GlobalSection(ExtensibilityGlobals) = postSolution
		SolutionGuid = {6B83B45B-B183-4E31-9C30-6C7121CF6E65}
	EndGlobalSection
EndGlobal
